
Microsoft Visual Studio Solution File, Format Version 12.00
# Visual Studio 15
VisualStudioVersion = 15.0.27130.2024
MinimumVisualStudioVersion = 10.0.40219.1
Project("{FAE04EC0-301F-11D3-BF4B-00C04F79EFBC}") = "YellowPushSMSPackage", "YellowPushSMSPackage\YellowPushSMSPackage.csproj", "{C9D942E6-CEF9-4D45-8359-C20985F8DDAC}"
EndProject
Project("{FAE04EC0-301F-11D3-BF4B-00C04F79EFBC}") = "YellowPushSMSPackageUnitTest", "YellowPushSMSPackageUnitTest\YellowPushSMSPackageUnitTest.csproj", "{34204AFC-FC72-4E3B-A938-47DDE6FE3271}"
EndProject
Global
	GlobalSection(SolutionConfigurationPlatforms) = preSolution
		Debug|Any CPU = Debug|Any CPU
		Release|Any CPU = Release|Any CPU
	EndGlobalSection
	GlobalSection(ProjectConfigurationPlatforms) = postSolution
		{C9D942E6-CEF9-4D45-8359-C20985F8DDAC}.Debug|Any CPU.ActiveCfg = Debug|Any CPU
		{C9D942E6-CEF9-4D45-8359-C20985F8DDAC}.Debug|Any CPU.Build.0 = Debug|Any CPU
		{C9D942E6-CEF9-4D45-8359-C20985F8DDAC}.Release|Any CPU.ActiveCfg = Release|Any CPU
		{C9D942E6-CEF9-4D45-8359-C20985F8DDAC}.Release|Any CPU.Build.0 = Release|Any CPU
		{34204AFC-FC72-4E3B-A938-47DDE6FE3271}.Debug|Any CPU.ActiveCfg = Debug|Any CPU
		{34204AFC-FC72-4E3B-A938-47DDE6FE3271}.Debug|Any CPU.Build.0 = Debug|Any CPU
		{34204AFC-FC72-4E3B-A938-47DDE6FE3271}.Release|Any CPU.ActiveCfg = Release|Any CPU
		{34204AFC-FC72-4E3B-A938-47DDE6FE3271}.Release|Any CPU.Build.0 = Release|Any CPU
	EndGlobalSection
	GlobalSection(SolutionProperties) = preSolution
		HideSolutionNode = FALSE
	EndGlobalSection
	GlobalSection(ExtensibilityGlobals) = postSolution
		SolutionGuid = {F9484CF9-0112-4954-9980-4ECCEB350741}
	EndGlobalSection
EndGlobal
